// !$*UTF8*$!
{
	archiveVersion = 1;
	classes = {
	};
	objectVersion = 46;
	objects = {

/* Begin PBXBuildFile section */
		1305FA51142801A900E97A08 /* EventsListViewController.m in Sources */ = {isa = PBXBuildFile; fileRef = 1305FA4F142801A900E97A08 /* EventsListViewController.m */; };
		1305FA52142801A900E97A08 /* EventsListViewController.xib in Resources */ = {isa = PBXBuildFile; fileRef = 1305FA50142801A900E97A08 /* EventsListViewController.xib */; };
		130960F91615A0AB00423BDA /* ql-icon-20-theatre-play-white.png in Resources */ = {isa = PBXBuildFile; fileRef = 130960F41615A0AB00423BDA /* ql-icon-20-theatre-play-white.png */; };
		130960FA1615A0AB00423BDA /* ql-icon-20-visual-arts-white.png in Resources */ = {isa = PBXBuildFile; fileRef = 130960F51615A0AB00423BDA /* ql-icon-20-visual-arts-white.png */; };
		130960FB1615A0AB00423BDA /* ql-icon-20-film-white.png in Resources */ = {isa = PBXBuildFile; fileRef = 130960F61615A0AB00423BDA /* ql-icon-20-film-white.png */; };
		130960FC1615A0AB00423BDA /* ql-icon-20-other-white.png in Resources */ = {isa = PBXBuildFile; fileRef = 130960F71615A0AB00423BDA /* ql-icon-20-other-white.png */; };
		130960FD1615A0AB00423BDA /* ql-icon-20-party-white.png in Resources */ = {isa = PBXBuildFile; fileRef = 130960F81615A0AB00423BDA /* ql-icon-20-party-white.png */; };
		130960FF1615ADE500423BDA /* ql-icon-20-workshop.png in Resources */ = {isa = PBXBuildFile; fileRef = 130960FE1615ADE500423BDA /* ql-icon-20-workshop.png */; };
		130961011615AE2200423BDA /* ql-icon-20-workshop-white.png in Resources */ = {isa = PBXBuildFile; fileRef = 130961001615AE2200423BDA /* ql-icon-20-workshop-white.png */; };
		134E74B816110ECA004BBE93 /* MainWindow-iPad.xib in Resources */ = {isa = PBXBuildFile; fileRef = 134E74B616110ECA004BBE93 /* MainWindow-iPad.xib */; };
		13681B2F142B70D100F8B0E8 /* AsyncImageView.m in Sources */ = {isa = PBXBuildFile; fileRef = 13681B2E142B70D100F8B0E8 /* AsyncImageView.m */; };
		136C0A2716120DCA00239E1C /* GTMNSString+HTML.m in Sources */ = {isa = PBXBuildFile; fileRef = 136C0A2616120DCA00239E1C /* GTMNSString+HTML.m */; };
		136C0A2816120DCA00239E1C /* GTMNSString+HTML.m in Sources */ = {isa = PBXBuildFile; fileRef = 136C0A2616120DCA00239E1C /* GTMNSString+HTML.m */; };
		1387B40A1428AF490033C4B2 /* ql-icon-20-film.png in Resources */ = {isa = PBXBuildFile; fileRef = 1387B4051428AF490033C4B2 /* ql-icon-20-film.png */; };
		1387B40B1428AF490033C4B2 /* ql-icon-20-other.png in Resources */ = {isa = PBXBuildFile; fileRef = 1387B4061428AF490033C4B2 /* ql-icon-20-other.png */; };
		1387B40C1428AF490033C4B2 /* ql-icon-20-party.png in Resources */ = {isa = PBXBuildFile; fileRef = 1387B4071428AF490033C4B2 /* ql-icon-20-party.png */; };
		1387B40D1428AF490033C4B2 /* ql-icon-20-theatre-play.png in Resources */ = {isa = PBXBuildFile; fileRef = 1387B4081428AF490033C4B2 /* ql-icon-20-theatre-play.png */; };
		1387B40E1428AF490033C4B2 /* ql-icon-20-visual-arts.png in Resources */ = {isa = PBXBuildFile; fileRef = 1387B4091428AF490033C4B2 /* ql-icon-20-visual-arts.png */; };
		1387B4101428B0870033C4B2 /* appicon.png in Resources */ = {isa = PBXBuildFile; fileRef = 1387B40F1428B0870033C4B2 /* appicon.png */; };
		1387B4121428B08F0033C4B2 /* Default.png in Resources */ = {isa = PBXBuildFile; fileRef = 1387B4111428B08F0033C4B2 /* Default.png */; };
		1387B4161428B1740033C4B2 /* EventViewController.m in Sources */ = {isa = PBXBuildFile; fileRef = 1387B4141428B1740033C4B2 /* EventViewController.m */; };
		1387B4171428B1740033C4B2 /* EventViewController.xib in Resources */ = {isa = PBXBuildFile; fileRef = 1387B4151428B1740033C4B2 /* EventViewController.xib */; };
		1387B4191428B39D0033C4B2 /* px-pttrn-4x1s-cocoa-bean-100.png in Resources */ = {isa = PBXBuildFile; fileRef = 1387B4181428B39D0033C4B2 /* px-pttrn-4x1s-cocoa-bean-100.png */; };
		13A39F94142A57CB004ACB5A /* FilmViewController.m in Sources */ = {isa = PBXBuildFile; fileRef = 13A39F92142A57CB004ACB5A /* FilmViewController.m */; };
		13A39F95142A57CB004ACB5A /* FilmViewController.xib in Resources */ = {isa = PBXBuildFile; fileRef = 13A39F93142A57CB004ACB5A /* FilmViewController.xib */; };
		13D3572E142778CC00D57703 /* UIKit.framework in Frameworks */ = {isa = PBXBuildFile; fileRef = 13D3572D142778CC00D57703 /* UIKit.framework */; };
		13D35730142778CC00D57703 /* Foundation.framework in Frameworks */ = {isa = PBXBuildFile; fileRef = 13D3572F142778CC00D57703 /* Foundation.framework */; };
		13D35732142778CC00D57703 /* CoreGraphics.framework in Frameworks */ = {isa = PBXBuildFile; fileRef = 13D35731142778CC00D57703 /* CoreGraphics.framework */; };
		13D35738142778CC00D57703 /* InfoPlist.strings in Resources */ = {isa = PBXBuildFile; fileRef = 13D35736142778CC00D57703 /* InfoPlist.strings */; };
		13D3573A142778CC00D57703 /* main.m in Sources */ = {isa = PBXBuildFile; fileRef = 13D35739142778CC00D57703 /* main.m */; };
		13D3573E142778CC00D57703 /* Queer_LisboaAppDelegate.m in Sources */ = {isa = PBXBuildFile; fileRef = 13D3573D142778CC00D57703 /* Queer_LisboaAppDelegate.m */; };
		13D35741142778CC00D57703 /* MainWindow.xib in Resources */ = {isa = PBXBuildFile; fileRef = 13D3573F142778CC00D57703 /* MainWindow.xib */; };
		13D35744142778CC00D57703 /* RootViewController.m in Sources */ = {isa = PBXBuildFile; fileRef = 13D35743142778CC00D57703 /* RootViewController.m */; };
		13D35747142778CC00D57703 /* RootViewController.xib in Resources */ = {isa = PBXBuildFile; fileRef = 13D35745142778CC00D57703 /* RootViewController.xib */; };
		13D3574F142778CC00D57703 /* SenTestingKit.framework in Frameworks */ = {isa = PBXBuildFile; fileRef = 13D3574E142778CC00D57703 /* SenTestingKit.framework */; };
		13D35750142778CC00D57703 /* UIKit.framework in Frameworks */ = {isa = PBXBuildFile; fileRef = 13D3572D142778CC00D57703 /* UIKit.framework */; };
		13D35751142778CC00D57703 /* Foundation.framework in Frameworks */ = {isa = PBXBuildFile; fileRef = 13D3572F142778CC00D57703 /* Foundation.framework */; };
		13D35752142778CC00D57703 /* CoreGraphics.framework in Frameworks */ = {isa = PBXBuildFile; fileRef = 13D35731142778CC00D57703 /* CoreGraphics.framework */; };
		13D3575A142778CC00D57703 /* InfoPlist.strings in Resources */ = {isa = PBXBuildFile; fileRef = 13D35758142778CC00D57703 /* InfoPlist.strings */; };
		13D3575C142778CC00D57703 /* Queer_LisboaTests.h in Resources */ = {isa = PBXBuildFile; fileRef = 13D3575B142778CC00D57703 /* Queer_LisboaTests.h */; };
		13D3575E142778CC00D57703 /* Queer_LisboaTests.m in Sources */ = {isa = PBXBuildFile; fileRef = 13D3575D142778CC00D57703 /* Queer_LisboaTests.m */; };
		13F6A74B1427BABC00004061 /* JSONKit.m in Sources */ = {isa = PBXBuildFile; fileRef = 13F6A74A1427BABC00004061 /* JSONKit.m */; };
		13FFF07E16131F67007A9D55 /* Default-Portrait~ipad.png in Resources */ = {isa = PBXBuildFile; fileRef = 13FFF07D16131F67007A9D55 /* Default-Portrait~ipad.png */; };
		13FFF08016131F7B007A9D55 /* apple-touch-icon.png in Resources */ = {isa = PBXBuildFile; fileRef = 13FFF07F16131F7B007A9D55 /* apple-touch-icon.png */; };
		13FFF082161340E7007A9D55 /* FilmViewControllerWithoutTrailer.xib in Resources */ = {isa = PBXBuildFile; fileRef = 13FFF081161340E7007A9D55 /* FilmViewControllerWithoutTrailer.xib */; };
		13FFF083161340E7007A9D55 /* FilmViewControllerWithoutTrailer.xib in Resources */ = {isa = PBXBuildFile; fileRef = 13FFF081161340E7007A9D55 /* FilmViewControllerWithoutTrailer.xib */; };
		13FFF08516134537007A9D55 /* synopsis.html in Resources */ = {isa = PBXBuildFile; fileRef = 13FFF08416134537007A9D55 /* synopsis.html */; };
		13FFF08616134537007A9D55 /* synopsis.html in Resources */ = {isa = PBXBuildFile; fileRef = 13FFF08416134537007A9D55 /* synopsis.html */; };
		13FFF088161348B8007A9D55 /* video.html in Resources */ = {isa = PBXBuildFile; fileRef = 13FFF087161348B8007A9D55 /* video.html */; };
		13FFF089161348B8007A9D55 /* video.html in Resources */ = {isa = PBXBuildFile; fileRef = 13FFF087161348B8007A9D55 /* video.html */; };
/* End PBXBuildFile section */

/* Begin PBXContainerItemProxy section */
		13D35753142778CC00D57703 /* PBXContainerItemProxy */ = {
			isa = PBXContainerItemProxy;
			containerPortal = 13D35720142778CC00D57703 /* Project object */;
			proxyType = 1;
			remoteGlobalIDString = 13D35728142778CC00D57703;
			remoteInfo = "Queer Lisboa";
		};
/* End PBXContainerItemProxy section */

/* Begin PBXFileReference section */
		1305FA4C142800FD00E97A08 /* helpers.h */ = {isa = PBXFileReference; fileEncoding = 4; lastKnownFileType = sourcecode.c.h; path = helpers.h; sourceTree = "<group>"; };
		1305FA4E142801A900E97A08 /* EventsListViewController.h */ = {isa = PBXFileReference; fileEncoding = 4; lastKnownFileType = sourcecode.c.h; path = EventsListViewController.h; sourceTree = "<group>"; };
		1305FA4F142801A900E97A08 /* EventsListViewController.m */ = {isa = PBXFileReference; fileEncoding = 4; lastKnownFileType = sourcecode.c.objc; path = EventsListViewController.m; sourceTree = "<group>"; };
		1305FA50142801A900E97A08 /* EventsListViewController.xib */ = {isa = PBXFileReference; fileEncoding = 4; lastKnownFileType = file.xib; path = EventsListViewController.xib; sourceTree = "<group>"; };
		130960F41615A0AB00423BDA /* ql-icon-20-theatre-play-white.png */ = {isa = PBXFileReference; lastKnownFileType = image.png; path = "ql-icon-20-theatre-play-white.png"; sourceTree = "<group>"; };
		130960F51615A0AB00423BDA /* ql-icon-20-visual-arts-white.png */ = {isa = PBXFileReference; lastKnownFileType = image.png; path = "ql-icon-20-visual-arts-white.png"; sourceTree = "<group>"; };
		130960F61615A0AB00423BDA /* ql-icon-20-film-white.png */ = {isa = PBXFileReference; lastKnownFileType = image.png; path = "ql-icon-20-film-white.png"; sourceTree = "<group>"; };
		130960F71615A0AB00423BDA /* ql-icon-20-other-white.png */ = {isa = PBXFileReference; lastKnownFileType = image.png; path = "ql-icon-20-other-white.png"; sourceTree = "<group>"; };
		130960F81615A0AB00423BDA /* ql-icon-20-party-white.png */ = {isa = PBXFileReference; lastKnownFileType = image.png; path = "ql-icon-20-party-white.png"; sourceTree = "<group>"; };
		130960FE1615ADE500423BDA /* ql-icon-20-workshop.png */ = {isa = PBXFileReference; lastKnownFileType = image.png; path = "ql-icon-20-workshop.png"; sourceTree = "<group>"; };
		130961001615AE2200423BDA /* ql-icon-20-workshop-white.png */ = {isa = PBXFileReference; lastKnownFileType = image.png; path = "ql-icon-20-workshop-white.png"; sourceTree = "<group>"; };
		134E74B716110ECA004BBE93 /* en */ = {isa = PBXFileReference; lastKnownFileType = file.xib; name = en; path = "iPad/en.lproj/MainWindow-iPad.xib"; sourceTree = "<group>"; };
		13681B2D142B70D100F8B0E8 /* AsyncImageView.h */ = {isa = PBXFileReference; fileEncoding = 4; lastKnownFileType = sourcecode.c.h; path = AsyncImageView.h; sourceTree = "<group>"; };
		13681B2E142B70D100F8B0E8 /* AsyncImageView.m */ = {isa = PBXFileReference; fileEncoding = 4; lastKnownFileType = sourcecode.c.objc; path = AsyncImageView.m; sourceTree = "<group>"; };
		136C0A2516120DCA00239E1C /* GTMNSString+HTML.h */ = {isa = PBXFileReference; fileEncoding = 4; lastKnownFileType = sourcecode.c.h; name = "GTMNSString+HTML.h"; path = "../GTMNSString+HTML.h"; sourceTree = "<group>"; };
		136C0A2616120DCA00239E1C /* GTMNSString+HTML.m */ = {isa = PBXFileReference; fileEncoding = 4; lastKnownFileType = sourcecode.c.objc; name = "GTMNSString+HTML.m"; path = "../GTMNSString+HTML.m"; sourceTree = "<group>"; };
		136C0A2D16120EB300239E1C /* GTMDefines.h */ = {isa = PBXFileReference; fileEncoding = 4; lastKnownFileType = sourcecode.c.h; path = GTMDefines.h; sourceTree = "<group>"; };
		1387B4051428AF490033C4B2 /* ql-icon-20-film.png */ = {isa = PBXFileReference; lastKnownFileType = image.png; path = "ql-icon-20-film.png"; sourceTree = "<group>"; };
		1387B4061428AF490033C4B2 /* ql-icon-20-other.png */ = {isa = PBXFileReference; lastKnownFileType = image.png; path = "ql-icon-20-other.png"; sourceTree = "<group>"; };
		1387B4071428AF490033C4B2 /* ql-icon-20-party.png */ = {isa = PBXFileReference; lastKnownFileType = image.png; path = "ql-icon-20-party.png"; sourceTree = "<group>"; };
		1387B4081428AF490033C4B2 /* ql-icon-20-theatre-play.png */ = {isa = PBXFileReference; lastKnownFileType = image.png; path = "ql-icon-20-theatre-play.png"; sourceTree = "<group>"; };
		1387B4091428AF490033C4B2 /* ql-icon-20-visual-arts.png */ = {isa = PBXFileReference; lastKnownFileType = image.png; path = "ql-icon-20-visual-arts.png"; sourceTree = "<group>"; };
		1387B40F1428B0870033C4B2 /* appicon.png */ = {isa = PBXFileReference; lastKnownFileType = image.png; name = appicon.png; path = ../appicon.png; sourceTree = "<group>"; };
		1387B4111428B08F0033C4B2 /* Default.png */ = {isa = PBXFileReference; lastKnownFileType = image.png; name = Default.png; path = ../Default.png; sourceTree = "<group>"; };
		1387B4131428B1740033C4B2 /* EventViewController.h */ = {isa = PBXFileReference; fileEncoding = 4; lastKnownFileType = sourcecode.c.h; path = EventViewController.h; sourceTree = "<group>"; };
		1387B4141428B1740033C4B2 /* EventViewController.m */ = {isa = PBXFileReference; fileEncoding = 4; lastKnownFileType = sourcecode.c.objc; path = EventViewController.m; sourceTree = "<group>"; };
		1387B4151428B1740033C4B2 /* EventViewController.xib */ = {isa = PBXFileReference; fileEncoding = 4; lastKnownFileType = file.xib; path = EventViewController.xib; sourceTree = "<group>"; };
		1387B4181428B39D0033C4B2 /* px-pttrn-4x1s-cocoa-bean-100.png */ = {isa = PBXFileReference; lastKnownFileType = image.png; name = "px-pttrn-4x1s-cocoa-bean-100.png"; path = "../../../queermobile/img/px-pttrn-4x1s-cocoa-bean-100.png"; sourceTree = "<group>"; };
		13A39F91142A57CB004ACB5A /* FilmViewController.h */ = {isa = PBXFileReference; fileEncoding = 4; lastKnownFileType = sourcecode.c.h; path = FilmViewController.h; sourceTree = "<group>"; };
		13A39F92142A57CB004ACB5A /* FilmViewController.m */ = {isa = PBXFileReference; fileEncoding = 4; lastKnownFileType = sourcecode.c.objc; path = FilmViewController.m; sourceTree = "<group>"; };
		13A39F93142A57CB004ACB5A /* FilmViewController.xib */ = {isa = PBXFileReference; fileEncoding = 4; lastKnownFileType = file.xib; path = FilmViewController.xib; sourceTree = "<group>"; };
		13D35729142778CC00D57703 /* Queer Lisboa.app */ = {isa = PBXFileReference; explicitFileType = wrapper.application; includeInIndex = 0; path = "Queer Lisboa.app"; sourceTree = BUILT_PRODUCTS_DIR; };
		13D3572D142778CC00D57703 /* UIKit.framework */ = {isa = PBXFileReference; lastKnownFileType = wrapper.framework; name = UIKit.framework; path = System/Library/Frameworks/UIKit.framework; sourceTree = SDKROOT; };
		13D3572F142778CC00D57703 /* Foundation.framework */ = {isa = PBXFileReference; lastKnownFileType = wrapper.framework; name = Foundation.framework; path = System/Library/Frameworks/Foundation.framework; sourceTree = SDKROOT; };
		13D35731142778CC00D57703 /* CoreGraphics.framework */ = {isa = PBXFileReference; lastKnownFileType = wrapper.framework; name = CoreGraphics.framework; path = System/Library/Frameworks/CoreGraphics.framework; sourceTree = SDKROOT; };
		13D35735142778CC00D57703 /* Queer Lisboa-Info.plist */ = {isa = PBXFileReference; lastKnownFileType = text.plist.xml; path = "Queer Lisboa-Info.plist"; sourceTree = "<group>"; };
		13D35737142778CC00D57703 /* en */ = {isa = PBXFileReference; lastKnownFileType = text.plist.strings; name = en; path = en.lproj/InfoPlist.strings; sourceTree = "<group>"; };
		13D35739142778CC00D57703 /* main.m */ = {isa = PBXFileReference; lastKnownFileType = sourcecode.c.objc; path = main.m; sourceTree = "<group>"; };
		13D3573B142778CC00D57703 /* Queer Lisboa-Prefix.pch */ = {isa = PBXFileReference; lastKnownFileType = sourcecode.c.h; path = "Queer Lisboa-Prefix.pch"; sourceTree = "<group>"; };
		13D3573C142778CC00D57703 /* Queer_LisboaAppDelegate.h */ = {isa = PBXFileReference; lastKnownFileType = sourcecode.c.h; path = Queer_LisboaAppDelegate.h; sourceTree = "<group>"; };
		13D3573D142778CC00D57703 /* Queer_LisboaAppDelegate.m */ = {isa = PBXFileReference; lastKnownFileType = sourcecode.c.objc; path = Queer_LisboaAppDelegate.m; sourceTree = "<group>"; };
		13D35740142778CC00D57703 /* en */ = {isa = PBXFileReference; lastKnownFileType = file.xib; name = en; path = en.lproj/MainWindow.xib; sourceTree = "<group>"; };
		13D35742142778CC00D57703 /* RootViewController.h */ = {isa = PBXFileReference; lastKnownFileType = sourcecode.c.h; path = RootViewController.h; sourceTree = "<group>"; };
		13D35743142778CC00D57703 /* RootViewController.m */ = {isa = PBXFileReference; lastKnownFileType = sourcecode.c.objc; path = RootViewController.m; sourceTree = "<group>"; };
		13D35746142778CC00D57703 /* en */ = {isa = PBXFileReference; lastKnownFileType = file.xib; name = en; path = en.lproj/RootViewController.xib; sourceTree = "<group>"; };
		13D3574D142778CC00D57703 /* Queer LisboaTests.octest */ = {isa = PBXFileReference; explicitFileType = wrapper.cfbundle; includeInIndex = 0; path = "Queer LisboaTests.octest"; sourceTree = BUILT_PRODUCTS_DIR; };
		13D3574E142778CC00D57703 /* SenTestingKit.framework */ = {isa = PBXFileReference; lastKnownFileType = wrapper.framework; name = SenTestingKit.framework; path = Library/Frameworks/SenTestingKit.framework; sourceTree = DEVELOPER_DIR; };
		13D35757142778CC00D57703 /* Queer LisboaTests-Info.plist */ = {isa = PBXFileReference; lastKnownFileType = text.plist.xml; path = "Queer LisboaTests-Info.plist"; sourceTree = "<group>"; };
		13D35759142778CC00D57703 /* en */ = {isa = PBXFileReference; lastKnownFileType = text.plist.strings; name = en; path = en.lproj/InfoPlist.strings; sourceTree = "<group>"; };
		13D3575B142778CC00D57703 /* Queer_LisboaTests.h */ = {isa = PBXFileReference; lastKnownFileType = sourcecode.c.h; path = Queer_LisboaTests.h; sourceTree = "<group>"; };
		13D3575D142778CC00D57703 /* Queer_LisboaTests.m */ = {isa = PBXFileReference; lastKnownFileType = sourcecode.c.objc; path = Queer_LisboaTests.m; sourceTree = "<group>"; };
		13F6A7491427BABC00004061 /* JSONKit.h */ = {isa = PBXFileReference; fileEncoding = 4; lastKnownFileType = sourcecode.c.h; path = JSONKit.h; sourceTree = "<group>"; };
		13F6A74A1427BABC00004061 /* JSONKit.m */ = {isa = PBXFileReference; fileEncoding = 4; lastKnownFileType = sourcecode.c.objc; path = JSONKit.m; sourceTree = "<group>"; };
		13FFF07D16131F67007A9D55 /* Default-Portrait~ipad.png */ = {isa = PBXFileReference; lastKnownFileType = image.png; name = "Default-Portrait~ipad.png"; path = "../Default-Portrait~ipad.png"; sourceTree = "<group>"; };
		13FFF07F16131F7B007A9D55 /* apple-touch-icon.png */ = {isa = PBXFileReference; lastKnownFileType = image.png; name = "apple-touch-icon.png"; path = "../apple-touch-icon.png"; sourceTree = "<group>"; };
		13FFF081161340E7007A9D55 /* FilmViewControllerWithoutTrailer.xib */ = {isa = PBXFileReference; fileEncoding = 4; lastKnownFileType = file.xib; path = FilmViewControllerWithoutTrailer.xib; sourceTree = "<group>"; };
		13FFF08416134537007A9D55 /* synopsis.html */ = {isa = PBXFileReference; fileEncoding = 4; lastKnownFileType = text.html; path = synopsis.html; sourceTree = "<group>"; };
		13FFF087161348B8007A9D55 /* video.html */ = {isa = PBXFileReference; fileEncoding = 4; lastKnownFileType = text.html; path = video.html; sourceTree = "<group>"; };
/* End PBXFileReference section */

/* Begin PBXFrameworksBuildPhase section */
		13D35726142778CC00D57703 /* Frameworks */ = {
			isa = PBXFrameworksBuildPhase;
			buildActionMask = 2147483647;
			files = (
				13D3572E142778CC00D57703 /* UIKit.framework in Frameworks */,
				13D35730142778CC00D57703 /* Foundation.framework in Frameworks */,
				13D35732142778CC00D57703 /* CoreGraphics.framework in Frameworks */,
			);
			runOnlyForDeploymentPostprocessing = 0;
		};
		13D35749142778CC00D57703 /* Frameworks */ = {
			isa = PBXFrameworksBuildPhase;
			buildActionMask = 2147483647;
			files = (
				13D3574F142778CC00D57703 /* SenTestingKit.framework in Frameworks */,
				13D35750142778CC00D57703 /* UIKit.framework in Frameworks */,
				13D35751142778CC00D57703 /* Foundation.framework in Frameworks */,
				13D35752142778CC00D57703 /* CoreGraphics.framework in Frameworks */,
			);
			runOnlyForDeploymentPostprocessing = 0;
		};
/* End PBXFrameworksBuildPhase section */

/* Begin PBXGroup section */
		134E74B516110ECA004BBE93 /* iPad */ = {
			isa = PBXGroup;
			children = (
				134E74B616110ECA004BBE93 /* MainWindow-iPad.xib */,
			);
			name = iPad;
			sourceTree = "<group>";
		};
		1387B3F81428A4CB0033C4B2 /* Helpers */ = {
			isa = PBXGroup;
			children = (
				13681B2D142B70D100F8B0E8 /* AsyncImageView.h */,
				13681B2E142B70D100F8B0E8 /* AsyncImageView.m */,
				136C0A2D16120EB300239E1C /* GTMDefines.h */,
				136C0A2516120DCA00239E1C /* GTMNSString+HTML.h */,
				136C0A2616120DCA00239E1C /* GTMNSString+HTML.m */,
				13F6A7491427BABC00004061 /* JSONKit.h */,
				13F6A74A1427BABC00004061 /* JSONKit.m */,
				1305FA4C142800FD00E97A08 /* helpers.h */,
			);
			name = Helpers;
			sourceTree = "<group>";
		};
		1387B3FA1428A4E20033C4B2 /* Resources */ = {
			isa = PBXGroup;
			children = (
				130961001615AE2200423BDA /* ql-icon-20-workshop-white.png */,
				130960FE1615ADE500423BDA /* ql-icon-20-workshop.png */,
				130960F41615A0AB00423BDA /* ql-icon-20-theatre-play-white.png */,
				130960F51615A0AB00423BDA /* ql-icon-20-visual-arts-white.png */,
				130960F61615A0AB00423BDA /* ql-icon-20-film-white.png */,
				130960F71615A0AB00423BDA /* ql-icon-20-other-white.png */,
				130960F81615A0AB00423BDA /* ql-icon-20-party-white.png */,
				13FFF07F16131F7B007A9D55 /* apple-touch-icon.png */,
				13FFF07D16131F67007A9D55 /* Default-Portrait~ipad.png */,
				1387B4111428B08F0033C4B2 /* Default.png */,
				1387B40F1428B0870033C4B2 /* appicon.png */,
				1387B4181428B39D0033C4B2 /* px-pttrn-4x1s-cocoa-bean-100.png */,
				1387B4051428AF490033C4B2 /* ql-icon-20-film.png */,
				1387B4061428AF490033C4B2 /* ql-icon-20-other.png */,
				1387B4071428AF490033C4B2 /* ql-icon-20-party.png */,
				1387B4081428AF490033C4B2 /* ql-icon-20-theatre-play.png */,
				1387B4091428AF490033C4B2 /* ql-icon-20-visual-arts.png */,
				13FFF08416134537007A9D55 /* synopsis.html */,
				13FFF087161348B8007A9D55 /* video.html */,
			);
			name = Resources;
			sourceTree = "<group>";
		};
		13D3571E142778CC00D57703 = {
			isa = PBXGroup;
			children = (
				13D35733142778CC00D57703 /* Queer Lisboa */,
				13D35755142778CC00D57703 /* Queer LisboaTests */,
				13D3572C142778CC00D57703 /* Frameworks */,
				13D3572A142778CC00D57703 /* Products */,
			);
			sourceTree = "<group>";
		};
		13D3572A142778CC00D57703 /* Products */ = {
			isa = PBXGroup;
			children = (
				13D35729142778CC00D57703 /* Queer Lisboa.app */,
				13D3574D142778CC00D57703 /* Queer LisboaTests.octest */,
			);
			name = Products;
			sourceTree = "<group>";
		};
		13D3572C142778CC00D57703 /* Frameworks */ = {
			isa = PBXGroup;
			children = (
				13D3572D142778CC00D57703 /* UIKit.framework */,
				13D3572F142778CC00D57703 /* Foundation.framework */,
				13D35731142778CC00D57703 /* CoreGraphics.framework */,
				13D3574E142778CC00D57703 /* SenTestingKit.framework */,
			);
			name = Frameworks;
			sourceTree = "<group>";
		};
		13D35733142778CC00D57703 /* Queer Lisboa */ = {
			isa = PBXGroup;
			children = (
				1387B3FA1428A4E20033C4B2 /* Resources */,
				134E74B516110ECA004BBE93 /* iPad */,
				1387B3F81428A4CB0033C4B2 /* Helpers */,
				13D35734142778CC00D57703 /* Supporting Files */,
				13D3573C142778CC00D57703 /* Queer_LisboaAppDelegate.h */,
				13D3573D142778CC00D57703 /* Queer_LisboaAppDelegate.m */,
				13D3573F142778CC00D57703 /* MainWindow.xib */,
				13D35742142778CC00D57703 /* RootViewController.h */,
				13D35743142778CC00D57703 /* RootViewController.m */,
				13D35745142778CC00D57703 /* RootViewController.xib */,
				1387B4131428B1740033C4B2 /* EventViewController.h */,
				1387B4141428B1740033C4B2 /* EventViewController.m */,
				1387B4151428B1740033C4B2 /* EventViewController.xib */,
				1305FA4E142801A900E97A08 /* EventsListViewController.h */,
				1305FA4F142801A900E97A08 /* EventsListViewController.m */,
				1305FA50142801A900E97A08 /* EventsListViewController.xib */,
				13A39F91142A57CB004ACB5A /* FilmViewController.h */,
				13A39F92142A57CB004ACB5A /* FilmViewController.m */,
				13A39F93142A57CB004ACB5A /* FilmViewController.xib */,
				13FFF081161340E7007A9D55 /* FilmViewControllerWithoutTrailer.xib */,
			);
			path = "Queer Lisboa";
			sourceTree = "<group>";
		};
		13D35734142778CC00D57703 /* Supporting Files */ = {
			isa = PBXGroup;
			children = (
				13D35735142778CC00D57703 /* Queer Lisboa-Info.plist */,
				13D35736142778CC00D57703 /* InfoPlist.strings */,
				13D35739142778CC00D57703 /* main.m */,
				13D3573B142778CC00D57703 /* Queer Lisboa-Prefix.pch */,
			);
			name = "Supporting Files";
			sourceTree = "<group>";
		};
		13D35755142778CC00D57703 /* Queer LisboaTests */ = {
			isa = PBXGroup;
			children = (
				13D3575B142778CC00D57703 /* Queer_LisboaTests.h */,
				13D3575D142778CC00D57703 /* Queer_LisboaTests.m */,
				13D35756142778CC00D57703 /* Supporting Files */,
			);
			path = "Queer LisboaTests";
			sourceTree = "<group>";
		};
		13D35756142778CC00D57703 /* Supporting Files */ = {
			isa = PBXGroup;
			children = (
				13D35757142778CC00D57703 /* Queer LisboaTests-Info.plist */,
				13D35758142778CC00D57703 /* InfoPlist.strings */,
			);
			name = "Supporting Files";
			sourceTree = "<group>";
		};
/* End PBXGroup section */

/* Begin PBXNativeTarget section */
		13D35728142778CC00D57703 /* Queer Lisboa */ = {
			isa = PBXNativeTarget;
			buildConfigurationList = 13D35761142778CC00D57703 /* Build configuration list for PBXNativeTarget "Queer Lisboa" */;
			buildPhases = (
				13D35725142778CC00D57703 /* Sources */,
				13D35726142778CC00D57703 /* Frameworks */,
				13D35727142778CC00D57703 /* Resources */,
			);
			buildRules = (
			);
			dependencies = (
			);
			name = "Queer Lisboa";
			productName = "Queer Lisboa";
			productReference = 13D35729142778CC00D57703 /* Queer Lisboa.app */;
			productType = "com.apple.product-type.application";
		};
		13D3574C142778CC00D57703 /* Queer LisboaTests */ = {
			isa = PBXNativeTarget;
			buildConfigurationList = 13D35764142778CC00D57703 /* Build configuration list for PBXNativeTarget "Queer LisboaTests" */;
			buildPhases = (
				13D35748142778CC00D57703 /* Sources */,
				13D35749142778CC00D57703 /* Frameworks */,
				13D3574A142778CC00D57703 /* Resources */,
				13D3574B142778CC00D57703 /* ShellScript */,
			);
			buildRules = (
			);
			dependencies = (
				13D35754142778CC00D57703 /* PBXTargetDependency */,
			);
			name = "Queer LisboaTests";
			productName = "Queer LisboaTests";
			productReference = 13D3574D142778CC00D57703 /* Queer LisboaTests.octest */;
			productType = "com.apple.product-type.bundle";
		};
/* End PBXNativeTarget section */

/* Begin PBXProject section */
		13D35720142778CC00D57703 /* Project object */ = {
			isa = PBXProject;
			buildConfigurationList = 13D35723142778CC00D57703 /* Build configuration list for PBXProject "Queer Lisboa" */;
			compatibilityVersion = "Xcode 3.2";
			developmentRegion = English;
			hasScannedForEncodings = 0;
			knownRegions = (
				en,
			);
			mainGroup = 13D3571E142778CC00D57703;
			productRefGroup = 13D3572A142778CC00D57703 /* Products */;
			projectDirPath = "";
			projectRoot = "";
			targets = (
				13D35728142778CC00D57703 /* Queer Lisboa */,
				13D3574C142778CC00D57703 /* Queer LisboaTests */,
			);
		};
/* End PBXProject section */

/* Begin PBXResourcesBuildPhase section */
		13D35727142778CC00D57703 /* Resources */ = {
			isa = PBXResourcesBuildPhase;
			buildActionMask = 2147483647;
			files = (
				13D35738142778CC00D57703 /* InfoPlist.strings in Resources */,
				13D35741142778CC00D57703 /* MainWindow.xib in Resources */,
				13D35747142778CC00D57703 /* RootViewController.xib in Resources */,
				1305FA52142801A900E97A08 /* EventsListViewController.xib in Resources */,
				1387B40A1428AF490033C4B2 /* ql-icon-20-film.png in Resources */,
				1387B40B1428AF490033C4B2 /* ql-icon-20-other.png in Resources */,
				1387B40C1428AF490033C4B2 /* ql-icon-20-party.png in Resources */,
				1387B40D1428AF490033C4B2 /* ql-icon-20-theatre-play.png in Resources */,
				1387B40E1428AF490033C4B2 /* ql-icon-20-visual-arts.png in Resources */,
				1387B4101428B0870033C4B2 /* appicon.png in Resources */,
				1387B4121428B08F0033C4B2 /* Default.png in Resources */,
				1387B4171428B1740033C4B2 /* EventViewController.xib in Resources */,
				1387B4191428B39D0033C4B2 /* px-pttrn-4x1s-cocoa-bean-100.png in Resources */,
				13A39F95142A57CB004ACB5A /* FilmViewController.xib in Resources */,
				134E74B816110ECA004BBE93 /* MainWindow-iPad.xib in Resources */,
				13FFF07E16131F67007A9D55 /* Default-Portrait~ipad.png in Resources */,
				13FFF08016131F7B007A9D55 /* apple-touch-icon.png in Resources */,
				13FFF082161340E7007A9D55 /* FilmViewControllerWithoutTrailer.xib in Resources */,
				13FFF08516134537007A9D55 /* synopsis.html in Resources */,
				13FFF088161348B8007A9D55 /* video.html in Resources */,
				130960F91615A0AB00423BDA /* ql-icon-20-theatre-play-white.png in Resources */,
				130960FA1615A0AB00423BDA /* ql-icon-20-visual-arts-white.png in Resources */,
				130960FB1615A0AB00423BDA /* ql-icon-20-film-white.png in Resources */,
				130960FC1615A0AB00423BDA /* ql-icon-20-other-white.png in Resources */,
				130960FD1615A0AB00423BDA /* ql-icon-20-party-white.png in Resources */,
				130960FF1615ADE500423BDA /* ql-icon-20-workshop.png in Resources */,
				130961011615AE2200423BDA /* ql-icon-20-workshop-white.png in Resources */,
			);
			runOnlyForDeploymentPostprocessing = 0;
		};
		13D3574A142778CC00D57703 /* Resources */ = {
			isa = PBXResourcesBuildPhase;
			buildActionMask = 2147483647;
			files = (
				13D3575A142778CC00D57703 /* InfoPlist.strings in Resources */,
				13D3575C142778CC00D57703 /* Queer_LisboaTests.h in Resources */,
				13FFF083161340E7007A9D55 /* FilmViewControllerWithoutTrailer.xib in Resources */,
				13FFF08616134537007A9D55 /* synopsis.html in Resources */,
				13FFF089161348B8007A9D55 /* video.html in Resources */,
			);
			runOnlyForDeploymentPostprocessing = 0;
		};
/* End PBXResourcesBuildPhase section */

/* Begin PBXShellScriptBuildPhase section */
		13D3574B142778CC00D57703 /* ShellScript */ = {
			isa = PBXShellScriptBuildPhase;
			buildActionMask = 2147483647;
			files = (
			);
			inputPaths = (
			);
			outputPaths = (
			);
			runOnlyForDeploymentPostprocessing = 0;
			shellPath = /bin/sh;
			shellScript = "# Run the unit tests in this test bundle.\n\"${SYSTEM_DEVELOPER_DIR}/Tools/RunUnitTests\"\n";
		};
/* End PBXShellScriptBuildPhase section */

/* Begin PBXSourcesBuildPhase section */
		13D35725142778CC00D57703 /* Sources */ = {
			isa = PBXSourcesBuildPhase;
			buildActionMask = 2147483647;
			files = (
				13D3573A142778CC00D57703 /* main.m in Sources */,
				13D3573E142778CC00D57703 /* Queer_LisboaAppDelegate.m in Sources */,
				13D35744142778CC00D57703 /* RootViewController.m in Sources */,
				13F6A74B1427BABC00004061 /* JSONKit.m in Sources */,
				1305FA51142801A900E97A08 /* EventsListViewController.m in Sources */,
				1387B4161428B1740033C4B2 /* EventViewController.m in Sources */,
				13A39F94142A57CB004ACB5A /* FilmViewController.m in Sources */,
				13681B2F142B70D100F8B0E8 /* AsyncImageView.m in Sources */,
				136C0A2716120DCA00239E1C /* GTMNSString+HTML.m in Sources */,
			);
			runOnlyForDeploymentPostprocessing = 0;
		};
		13D35748142778CC00D57703 /* Sources */ = {
			isa = PBXSourcesBuildPhase;
			buildActionMask = 2147483647;
			files = (
				13D3575E142778CC00D57703 /* Queer_LisboaTests.m in Sources */,
				136C0A2816120DCA00239E1C /* GTMNSString+HTML.m in Sources */,
			);
			runOnlyForDeploymentPostprocessing = 0;
		};
/* End PBXSourcesBuildPhase section */

/* Begin PBXTargetDependency section */
		13D35754142778CC00D57703 /* PBXTargetDependency */ = {
			isa = PBXTargetDependency;
			target = 13D35728142778CC00D57703 /* Queer Lisboa */;
			targetProxy = 13D35753142778CC00D57703 /* PBXContainerItemProxy */;
		};
/* End PBXTargetDependency section */

/* Begin PBXVariantGroup section */
		134E74B616110ECA004BBE93 /* MainWindow-iPad.xib */ = {
			isa = PBXVariantGroup;
			children = (
				134E74B716110ECA004BBE93 /* en */,
			);
			name = "MainWindow-iPad.xib";
			sourceTree = "<group>";
		};
		13D35736142778CC00D57703 /* InfoPlist.strings */ = {
			isa = PBXVariantGroup;
			children = (
				13D35737142778CC00D57703 /* en */,
			);
			name = InfoPlist.strings;
			sourceTree = "<group>";
		};
		13D3573F142778CC00D57703 /* MainWindow.xib */ = {
			isa = PBXVariantGroup;
			children = (
				13D35740142778CC00D57703 /* en */,
			);
			name = MainWindow.xib;
			sourceTree = "<group>";
		};
		13D35745142778CC00D57703 /* RootViewController.xib */ = {
			isa = PBXVariantGroup;
			children = (
				13D35746142778CC00D57703 /* en */,
			);
			name = RootViewController.xib;
			sourceTree = "<group>";
		};
		13D35758142778CC00D57703 /* InfoPlist.strings */ = {
			isa = PBXVariantGroup;
			children = (
				13D35759142778CC00D57703 /* en */,
			);
			name = InfoPlist.strings;
			sourceTree = "<group>";
		};
/* End PBXVariantGroup section */

/* Begin XCBuildConfiguration section */
		13D3575F142778CC00D57703 /* Debug */ = {
			isa = XCBuildConfiguration;
			buildSettings = {
				ALWAYS_SEARCH_USER_PATHS = NO;
				ARCHS = "$(ARCHS_STANDARD_32_BIT)";
				"CODE_SIGN_IDENTITY[sdk=iphoneos*]" = "iPhone Developer";
				COPY_PHASE_STRIP = NO;
				GCC_C_LANGUAGE_STANDARD = gnu99;
				GCC_DYNAMIC_NO_PIC = NO;
				GCC_OPTIMIZATION_LEVEL = 0;
				GCC_PREPROCESSOR_DEFINITIONS = (
					"DEBUG=1",
					"$(inherited)",
				);
				GCC_SYMBOLS_PRIVATE_EXTERN = NO;
				GCC_VERSION = com.apple.compilers.llvmgcc42;
				GCC_WARN_ABOUT_MISSING_PROTOTYPES = YES;
				GCC_WARN_ABOUT_RETURN_TYPE = YES;
				GCC_WARN_UNUSED_VARIABLE = YES;
				IPHONEOS_DEPLOYMENT_TARGET = 4.3;
				SDKROOT = iphoneos;
			};
			name = Debug;
		};
		13D35760142778CC00D57703 /* Release */ = {
			isa = XCBuildConfiguration;
			buildSettings = {
				ALWAYS_SEARCH_USER_PATHS = NO;
				ARCHS = "$(ARCHS_STANDARD_32_BIT)";
				"CODE_SIGN_IDENTITY[sdk=iphoneos*]" = "iPhone Developer";
				COPY_PHASE_STRIP = YES;
				GCC_C_LANGUAGE_STANDARD = gnu99;
				GCC_VERSION = com.apple.compilers.llvmgcc42;
				GCC_WARN_ABOUT_MISSING_PROTOTYPES = YES;
				GCC_WARN_ABOUT_RETURN_TYPE = YES;
				GCC_WARN_UNUSED_VARIABLE = YES;
				IPHONEOS_DEPLOYMENT_TARGET = 4.3;
				OTHER_CFLAGS = "-DNS_BLOCK_ASSERTIONS=1";
				SDKROOT = iphoneos;
				VALIDATE_PRODUCT = YES;
			};
			name = Release;
		};
		13D35762142778CC00D57703 /* Debug */ = {
			isa = XCBuildConfiguration;
			buildSettings = {
				GCC_PRECOMPILE_PREFIX_HEADER = YES;
				GCC_PREFIX_HEADER = "Queer Lisboa/Queer Lisboa-Prefix.pch";
				GCC_VERSION = com.apple.compilers.llvm.clang.1_0;
				INFOPLIST_FILE = "Queer Lisboa/Queer Lisboa-Info.plist";
				IPHONEOS_DEPLOYMENT_TARGET = 4.3;
				PRODUCT_NAME = "$(TARGET_NAME)";
				TARGETED_DEVICE_FAMILY = "1,2";
				WRAPPER_EXTENSION = app;
			};
			name = Debug;
		};
		13D35763142778CC00D57703 /* Release */ = {
			isa = XCBuildConfiguration;
			buildSettings = {
				GCC_PRECOMPILE_PREFIX_HEADER = YES;
				GCC_PREFIX_HEADER = "Queer Lisboa/Queer Lisboa-Prefix.pch";
				GCC_VERSION = com.apple.compilers.llvm.clang.1_0;
				INFOPLIST_FILE = "Queer Lisboa/Queer Lisboa-Info.plist";
				IPHONEOS_DEPLOYMENT_TARGET = 4.3;
				PRODUCT_NAME = "$(TARGET_NAME)";
				TARGETED_DEVICE_FAMILY = "1,2";
				WRAPPER_EXTENSION = app;
			};
			name = Release;
		};
		13D35765142778CC00D57703 /* Debug */ = {
			isa = XCBuildConfiguration;
			buildSettings = {
				BUNDLE_LOADER = "$(BUILT_PRODUCTS_DIR)/Queer Lisboa.app/Queer Lisboa";
				FRAMEWORK_SEARCH_PATHS = (
					"$(SDKROOT)/Developer/Library/Frameworks",
					"$(DEVELOPER_LIBRARY_DIR)/Frameworks",
				);
				GCC_PRECOMPILE_PREFIX_HEADER = YES;
				GCC_PREFIX_HEADER = "Queer Lisboa/Queer Lisboa-Prefix.pch";
				GCC_VERSION = com.apple.compilers.llvm.clang.1_0;
				INFOPLIST_FILE = "Queer LisboaTests/Queer LisboaTests-Info.plist";
				PRODUCT_NAME = "$(TARGET_NAME)";
				TEST_HOST = "$(BUNDLE_LOADER)";
				WRAPPER_EXTENSION = octest;
			};
			name = Debug;
		};
		13D35766142778CC00D57703 /* Release */ = {
			isa = XCBuildConfiguration;
			buildSettings = {
				BUNDLE_LOADER = "$(BUILT_PRODUCTS_DIR)/Queer Lisboa.app/Queer Lisboa";
				FRAMEWORK_SEARCH_PATHS = (
					"$(SDKROOT)/Developer/Library/Frameworks",
					"$(DEVELOPER_LIBRARY_DIR)/Frameworks",
				);
				GCC_PRECOMPILE_PREFIX_HEADER = YES;
				GCC_PREFIX_HEADER = "Queer Lisboa/Queer Lisboa-Prefix.pch";
				GCC_VERSION = com.apple.compilers.llvm.clang.1_0;
				INFOPLIST_FILE = "Queer LisboaTests/Queer LisboaTests-Info.plist";
				PRODUCT_NAME = "$(TARGET_NAME)";
				TEST_HOST = "$(BUNDLE_LOADER)";
				WRAPPER_EXTENSION = octest;
			};
			name = Release;
		};
/* End XCBuildConfiguration section */

/* Begin XCConfigurationList section */
		13D35723142778CC00D57703 /* Build configuration list for PBXProject "Queer Lisboa" */ = {
			isa = XCConfigurationList;
			buildConfigurations = (
				13D3575F142778CC00D57703 /* Debug */,
				13D35760142778CC00D57703 /* Release */,
			);
			defaultConfigurationIsVisible = 0;
			defaultConfigurationName = Release;
		};
		13D35761142778CC00D57703 /* Build configuration list for PBXNativeTarget "Queer Lisboa" */ = {
			isa = XCConfigurationList;
			buildConfigurations = (
				13D35762142778CC00D57703 /* Debug */,
				13D35763142778CC00D57703 /* Release */,
			);
			defaultConfigurationIsVisible = 0;
			defaultConfigurationName = Release;
		};
		13D35764142778CC00D57703 /* Build configuration list for PBXNativeTarget "Queer LisboaTests" */ = {
			isa = XCConfigurationList;
			buildConfigurations = (
				13D35765142778CC00D57703 /* Debug */,
				13D35766142778CC00D57703 /* Release */,
			);
			defaultConfigurationIsVisible = 0;
			defaultConfigurationName = Release;
		};
/* End XCConfigurationList section */
	};
	rootObject = 13D35720142778CC00D57703 /* Project object */;
}
